
Microsoft Visual Studio Solution File, Format Version 12.00
# Visual Studio Version 17
VisualStudioVersion = 17.10.35027.167
MinimumVisualStudioVersion = 10.0.40219.1
Project("{888888A0-9F3D-457C-B088-3A5042F75D52}") = "My Portfolio", "My Portfolio.pyproj", "{F040805F-E9BB-49E2-B281-39264E9C195C}"
EndProject
Global
	GlobalSection(SolutionConfigurationPlatforms) = preSolution
		Debug|Any CPU = Debug|Any CPU
		Release|Any CPU = Release|Any CPU
	EndGlobalSection
	GlobalSection(ProjectConfigurationPlatforms) = postSolution
		{F040805F-E9BB-49E2-B281-39264E9C195C}.Debug|Any CPU.ActiveCfg = Debug|Any CPU
		{F040805F-E9BB-49E2-B281-39264E9C195C}.Debug|Any CPU.Build.0 = Debug|Any CPU
		{F040805F-E9BB-49E2-B281-39264E9C195C}.Release|Any CPU.ActiveCfg = Release|Any CPU
		{F040805F-E9BB-49E2-B281-39264E9C195C}.Release|Any CPU.Build.0 = Release|Any CPU
	EndGlobalSection
	GlobalSection(SolutionProperties) = preSolution
		HideSolutionNode = FALSE
	EndGlobalSection
	GlobalSection(ExtensibilityGlobals) = postSolution
		SolutionGuid = {50CD0887-875E-4552-B290-2918BD20AE78}
	EndGlobalSection
EndGlobal
